// !$*UTF8*$!
{
	archiveVersion = 1;
	classes = {
	};
	objectVersion = 55;
	objects = {

/* Begin PBXBuildFile section */
		CB48A84827BEEE78005D2385 /* XCAssets+Generated.swift in Sources */ = {isa = PBXBuildFile; fileRef = CB48A84627BEEE78005D2385 /* XCAssets+Generated.swift */; };
		CB48A84927BEEE78005D2385 /* Strings+Generated.swift in Sources */ = {isa = PBXBuildFile; fileRef = CB48A84727BEEE78005D2385 /* Strings+Generated.swift */; };
		CB72939A27BEF83300C0F592 /* AuthView.swift in Sources */ = {isa = PBXBuildFile; fileRef = CB72939927BEF83300C0F592 /* AuthView.swift */; };
		CB7293A327BF08D000C0F592 /* GoogleService-Info.plist in Resources */ = {isa = PBXBuildFile; fileRef = CB7293A227BF08D000C0F592 /* GoogleService-Info.plist */; };
		CB7293A627BF0CB100C0F592 /* FirebaseAnalytics in Frameworks */ = {isa = PBXBuildFile; productRef = CB7293A527BF0CB100C0F592 /* FirebaseAnalytics */; };
		CB7293A827BF0CB100C0F592 /* FirebaseAuth in Frameworks */ = {isa = PBXBuildFile; productRef = CB7293A727BF0CB100C0F592 /* FirebaseAuth */; };
		CB7293AA27BF0CB100C0F592 /* FirebaseFirestore in Frameworks */ = {isa = PBXBuildFile; productRef = CB7293A927BF0CB100C0F592 /* FirebaseFirestore */; };
		CB7293AD27BF0E0D00C0F592 /* Bank.swift in Sources */ = {isa = PBXBuildFile; fileRef = CB7293AC27BF0E0D00C0F592 /* Bank.swift */; };
		CB7293B127BF0F2000C0F592 /* Expense.swift in Sources */ = {isa = PBXBuildFile; fileRef = CB7293B027BF0F2000C0F592 /* Expense.swift */; };
		CB7293B327BF0FF200C0F592 /* Card.swift in Sources */ = {isa = PBXBuildFile; fileRef = CB7293B227BF0FF200C0F592 /* Card.swift */; };
		CBA2787527D6C18600998FE0 /* Client.swift in Sources */ = {isa = PBXBuildFile; fileRef = CBA2787427D6C18600998FE0 /* Client.swift */; };
		CBB9E04627BE300E00136C7C /* ExpensesApp.swift in Sources */ = {isa = PBXBuildFile; fileRef = CBB9E04527BE300E00136C7C /* ExpensesApp.swift */; };
		CBB9E04A27BE300F00136C7C /* Assets.xcassets in Resources */ = {isa = PBXBuildFile; fileRef = CBB9E04927BE300F00136C7C /* Assets.xcassets */; };
		CBB9E04D27BE300F00136C7C /* Preview Assets.xcassets in Resources */ = {isa = PBXBuildFile; fileRef = CBB9E04C27BE300F00136C7C /* Preview Assets.xcassets */; };
		CBB9E05727BE300F00136C7C /* ExpensesTests.swift in Sources */ = {isa = PBXBuildFile; fileRef = CBB9E05627BE300F00136C7C /* ExpensesTests.swift */; };
		CBB9E06127BE300F00136C7C /* ExpensesUITests.swift in Sources */ = {isa = PBXBuildFile; fileRef = CBB9E06027BE300F00136C7C /* ExpensesUITests.swift */; };
		CBB9E06327BE300F00136C7C /* ExpensesUITestsLaunchTests.swift in Sources */ = {isa = PBXBuildFile; fileRef = CBB9E06227BE300F00136C7C /* ExpensesUITestsLaunchTests.swift */; };
		CBB9E07127BE31CF00136C7C /* LandingView.swift in Sources */ = {isa = PBXBuildFile; fileRef = CBB9E07027BE31CF00136C7C /* LandingView.swift */; };
		CBB9E07A27BEEA9E00136C7C /* Localizable.strings in Resources */ = {isa = PBXBuildFile; fileRef = CBB9E07927BEEA9E00136C7C /* Localizable.strings */; };
		CBF5E62127C46B6D0089880E /* AuthViewModel.swift in Sources */ = {isa = PBXBuildFile; fileRef = CBF5E62027C46B6D0089880E /* AuthViewModel.swift */; };
/* End PBXBuildFile section */

/* Begin PBXContainerItemProxy section */
		CBB9E05327BE300F00136C7C /* PBXContainerItemProxy */ = {
			isa = PBXContainerItemProxy;
			containerPortal = CBB9E03A27BE300E00136C7C /* Project object */;
			proxyType = 1;
			remoteGlobalIDString = CBB9E04127BE300E00136C7C;
			remoteInfo = Expenses;
		};
		CBB9E05D27BE300F00136C7C /* PBXContainerItemProxy */ = {
			isa = PBXContainerItemProxy;
			containerPortal = CBB9E03A27BE300E00136C7C /* Project object */;
			proxyType = 1;
			remoteGlobalIDString = CBB9E04127BE300E00136C7C;
			remoteInfo = Expenses;
		};
/* End PBXContainerItemProxy section */

/* Begin PBXFileReference section */
		CB48A84627BEEE78005D2385 /* XCAssets+Generated.swift */ = {isa = PBXFileReference; fileEncoding = 4; lastKnownFileType = sourcecode.swift; path = "XCAssets+Generated.swift"; sourceTree = "<group>"; };
		CB48A84727BEEE78005D2385 /* Strings+Generated.swift */ = {isa = PBXFileReference; fileEncoding = 4; lastKnownFileType = sourcecode.swift; path = "Strings+Generated.swift"; sourceTree = "<group>"; };
		CB72939927BEF83300C0F592 /* AuthView.swift */ = {isa = PBXFileReference; lastKnownFileType = sourcecode.swift; path = AuthView.swift; sourceTree = "<group>"; };
		CB7293A227BF08D000C0F592 /* GoogleService-Info.plist */ = {isa = PBXFileReference; fileEncoding = 4; lastKnownFileType = text.plist.xml; path = "GoogleService-Info.plist"; sourceTree = "<group>"; };
		CB7293AC27BF0E0D00C0F592 /* Bank.swift */ = {isa = PBXFileReference; lastKnownFileType = sourcecode.swift; path = Bank.swift; sourceTree = "<group>"; };
		CB7293B027BF0F2000C0F592 /* Expense.swift */ = {isa = PBXFileReference; lastKnownFileType = sourcecode.swift; path = Expense.swift; sourceTree = "<group>"; };
		CB7293B227BF0FF200C0F592 /* Card.swift */ = {isa = PBXFileReference; lastKnownFileType = sourcecode.swift; path = Card.swift; sourceTree = "<group>"; };
		CBA2787427D6C18600998FE0 /* Client.swift */ = {isa = PBXFileReference; lastKnownFileType = sourcecode.swift; path = Client.swift; sourceTree = "<group>"; };
		CBB9E04227BE300E00136C7C /* Expenses.app */ = {isa = PBXFileReference; explicitFileType = wrapper.application; includeInIndex = 0; path = Expenses.app; sourceTree = BUILT_PRODUCTS_DIR; };
		CBB9E04527BE300E00136C7C /* ExpensesApp.swift */ = {isa = PBXFileReference; lastKnownFileType = sourcecode.swift; path = ExpensesApp.swift; sourceTree = "<group>"; };
		CBB9E04927BE300F00136C7C /* Assets.xcassets */ = {isa = PBXFileReference; lastKnownFileType = folder.assetcatalog; path = Assets.xcassets; sourceTree = "<group>"; };
		CBB9E04C27BE300F00136C7C /* Preview Assets.xcassets */ = {isa = PBXFileReference; lastKnownFileType = folder.assetcatalog; path = "Preview Assets.xcassets"; sourceTree = "<group>"; };
		CBB9E05227BE300F00136C7C /* ExpensesTests.xctest */ = {isa = PBXFileReference; explicitFileType = wrapper.cfbundle; includeInIndex = 0; path = ExpensesTests.xctest; sourceTree = BUILT_PRODUCTS_DIR; };
		CBB9E05627BE300F00136C7C /* ExpensesTests.swift */ = {isa = PBXFileReference; lastKnownFileType = sourcecode.swift; path = ExpensesTests.swift; sourceTree = "<group>"; };
		CBB9E05C27BE300F00136C7C /* ExpensesUITests.xctest */ = {isa = PBXFileReference; explicitFileType = wrapper.cfbundle; includeInIndex = 0; path = ExpensesUITests.xctest; sourceTree = BUILT_PRODUCTS_DIR; };
		CBB9E06027BE300F00136C7C /* ExpensesUITests.swift */ = {isa = PBXFileReference; lastKnownFileType = sourcecode.swift; path = ExpensesUITests.swift; sourceTree = "<group>"; };
		CBB9E06227BE300F00136C7C /* ExpensesUITestsLaunchTests.swift */ = {isa = PBXFileReference; lastKnownFileType = sourcecode.swift; path = ExpensesUITestsLaunchTests.swift; sourceTree = "<group>"; };
		CBB9E07027BE31CF00136C7C /* LandingView.swift */ = {isa = PBXFileReference; lastKnownFileType = sourcecode.swift; path = LandingView.swift; sourceTree = "<group>"; };
		CBB9E07927BEEA9E00136C7C /* Localizable.strings */ = {isa = PBXFileReference; lastKnownFileType = text.plist.strings; path = Localizable.strings; sourceTree = "<group>"; };
		CBF5E62027C46B6D0089880E /* AuthViewModel.swift */ = {isa = PBXFileReference; lastKnownFileType = sourcecode.swift; path = AuthViewModel.swift; sourceTree = "<group>"; };
/* End PBXFileReference section */

/* Begin PBXFrameworksBuildPhase section */
		CBB9E03F27BE300E00136C7C /* Frameworks */ = {
			isa = PBXFrameworksBuildPhase;
			buildActionMask = 2147483647;
			files = (
				CB7293A627BF0CB100C0F592 /* FirebaseAnalytics in Frameworks */,
				CB7293A827BF0CB100C0F592 /* FirebaseAuth in Frameworks */,
				CB7293AA27BF0CB100C0F592 /* FirebaseFirestore in Frameworks */,
			);
			runOnlyForDeploymentPostprocessing = 0;
		};
		CBB9E04F27BE300F00136C7C /* Frameworks */ = {
			isa = PBXFrameworksBuildPhase;
			buildActionMask = 2147483647;
			files = (
			);
			runOnlyForDeploymentPostprocessing = 0;
		};
		CBB9E05927BE300F00136C7C /* Frameworks */ = {
			isa = PBXFrameworksBuildPhase;
			buildActionMask = 2147483647;
			files = (
			);
			runOnlyForDeploymentPostprocessing = 0;
		};
/* End PBXFrameworksBuildPhase section */

/* Begin PBXGroup section */
		CB72939727BEF80100C0F592 /* App */ = {
			isa = PBXGroup;
			children = (
				CB72939827BEF81D00C0F592 /* Auth */,
				CBB9E06F27BE302D00136C7C /* Landing */,
				CB7293AB27BF0DFB00C0F592 /* Shared */,
				CBB9E04527BE300E00136C7C /* ExpensesApp.swift */,
			);
			path = App;
			sourceTree = "<group>";
		};
		CB72939827BEF81D00C0F592 /* Auth */ = {
			isa = PBXGroup;
			children = (
				CB72939927BEF83300C0F592 /* AuthView.swift */,
				CBF5E62027C46B6D0089880E /* AuthViewModel.swift */,
			);
			path = Auth;
			sourceTree = "<group>";
		};
		CB7293AB27BF0DFB00C0F592 /* Shared */ = {
			isa = PBXGroup;
			children = (
				CB7293AC27BF0E0D00C0F592 /* Bank.swift */,
				CB7293B227BF0FF200C0F592 /* Card.swift */,
				CB7293B027BF0F2000C0F592 /* Expense.swift */,
			);
			path = Shared;
			sourceTree = "<group>";
		};
		CBA2787327D6C17200998FE0 /* Service */ = {
			isa = PBXGroup;
			children = (
				CBA2787427D6C18600998FE0 /* Client.swift */,
			);
			path = Service;
			sourceTree = "<group>";
		};
		CBB9E03927BE300E00136C7C = {
			isa = PBXGroup;
			children = (
				CBB9E04427BE300E00136C7C /* Expenses */,
				CBB9E05527BE300F00136C7C /* ExpensesTests */,
				CBB9E05F27BE300F00136C7C /* ExpensesUITests */,
				CBB9E04327BE300E00136C7C /* Products */,
			);
			sourceTree = "<group>";
		};
		CBB9E04327BE300E00136C7C /* Products */ = {
			isa = PBXGroup;
			children = (
				CBB9E04227BE300E00136C7C /* Expenses.app */,
				CBB9E05227BE300F00136C7C /* ExpensesTests.xctest */,
				CBB9E05C27BE300F00136C7C /* ExpensesUITests.xctest */,
			);
			name = Products;
			sourceTree = "<group>";
		};
		CBB9E04427BE300E00136C7C /* Expenses */ = {
			isa = PBXGroup;
			children = (
				CB72939727BEF80100C0F592 /* App */,
				CBA2787327D6C17200998FE0 /* Service */,
				CBB9E07227BE33D900136C7C /* Extensions */,
				CBB9E07727BEE64400136C7C /* Resources */,
				CBB9E07B27BEEC3800136C7C /* Generated */,
				CBB9E04B27BE300F00136C7C /* Preview Content */,
				CB7293A227BF08D000C0F592 /* GoogleService-Info.plist */,
			);
			path = Expenses;
			sourceTree = "<group>";
		};
		CBB9E04B27BE300F00136C7C /* Preview Content */ = {
			isa = PBXGroup;
			children = (
				CBB9E04C27BE300F00136C7C /* Preview Assets.xcassets */,
			);
			path = "Preview Content";
			sourceTree = "<group>";
		};
		CBB9E05527BE300F00136C7C /* ExpensesTests */ = {
			isa = PBXGroup;
			children = (
				CBB9E05627BE300F00136C7C /* ExpensesTests.swift */,
			);
			path = ExpensesTests;
			sourceTree = "<group>";
		};
		CBB9E05F27BE300F00136C7C /* ExpensesUITests */ = {
			isa = PBXGroup;
			children = (
				CBB9E06027BE300F00136C7C /* ExpensesUITests.swift */,
				CBB9E06227BE300F00136C7C /* ExpensesUITestsLaunchTests.swift */,
			);
			path = ExpensesUITests;
			sourceTree = "<group>";
		};
		CBB9E06F27BE302D00136C7C /* Landing */ = {
			isa = PBXGroup;
			children = (
				CBB9E07027BE31CF00136C7C /* LandingView.swift */,
			);
			path = Landing;
			sourceTree = "<group>";
		};
		CBB9E07227BE33D900136C7C /* Extensions */ = {
			isa = PBXGroup;
			children = (
			);
			path = Extensions;
			sourceTree = "<group>";
		};
		CBB9E07727BEE64400136C7C /* Resources */ = {
			isa = PBXGroup;
			children = (
				CBB9E04927BE300F00136C7C /* Assets.xcassets */,
				CBB9E07927BEEA9E00136C7C /* Localizable.strings */,
			);
			path = Resources;
			sourceTree = "<group>";
		};
		CBB9E07B27BEEC3800136C7C /* Generated */ = {
			isa = PBXGroup;
			children = (
				CB48A84727BEEE78005D2385 /* Strings+Generated.swift */,
				CB48A84627BEEE78005D2385 /* XCAssets+Generated.swift */,
			);
			path = Generated;
			sourceTree = "<group>";
		};
/* End PBXGroup section */

/* Begin PBXNativeTarget section */
		CBB9E04127BE300E00136C7C /* Expenses */ = {
			isa = PBXNativeTarget;
			buildConfigurationList = CBB9E06627BE300F00136C7C /* Build configuration list for PBXNativeTarget "Expenses" */;
			buildPhases = (
				CBB9E03E27BE300E00136C7C /* Sources */,
				CBB9E03F27BE300E00136C7C /* Frameworks */,
				CBB9E04027BE300E00136C7C /* Resources */,
				CBB9E07827BEE85B00136C7C /* Swiftgen */,
				CB48A84A27BEF12D005D2385 /* Swiftlint */,
			);
			buildRules = (
			);
			dependencies = (
			);
			name = Expenses;
			packageProductDependencies = (
				CB7293A527BF0CB100C0F592 /* FirebaseAnalytics */,
				CB7293A727BF0CB100C0F592 /* FirebaseAuth */,
				CB7293A927BF0CB100C0F592 /* FirebaseFirestore */,
			);
			productName = Expenses;
			productReference = CBB9E04227BE300E00136C7C /* Expenses.app */;
			productType = "com.apple.product-type.application";
		};
		CBB9E05127BE300F00136C7C /* ExpensesTests */ = {
			isa = PBXNativeTarget;
			buildConfigurationList = CBB9E06927BE300F00136C7C /* Build configuration list for PBXNativeTarget "ExpensesTests" */;
			buildPhases = (
				CBB9E04E27BE300F00136C7C /* Sources */,
				CBB9E04F27BE300F00136C7C /* Frameworks */,
				CBB9E05027BE300F00136C7C /* Resources */,
			);
			buildRules = (
			);
			dependencies = (
				CBB9E05427BE300F00136C7C /* PBXTargetDependency */,
			);
			name = ExpensesTests;
			productName = ExpensesTests;
			productReference = CBB9E05227BE300F00136C7C /* ExpensesTests.xctest */;
			productType = "com.apple.product-type.bundle.unit-test";
		};
		CBB9E05B27BE300F00136C7C /* ExpensesUITests */ = {
			isa = PBXNativeTarget;
			buildConfigurationList = CBB9E06C27BE300F00136C7C /* Build configuration list for PBXNativeTarget "ExpensesUITests" */;
			buildPhases = (
				CBB9E05827BE300F00136C7C /* Sources */,
				CBB9E05927BE300F00136C7C /* Frameworks */,
				CBB9E05A27BE300F00136C7C /* Resources */,
			);
			buildRules = (
			);
			dependencies = (
				CBB9E05E27BE300F00136C7C /* PBXTargetDependency */,
			);
			name = ExpensesUITests;
			productName = ExpensesUITests;
			productReference = CBB9E05C27BE300F00136C7C /* ExpensesUITests.xctest */;
			productType = "com.apple.product-type.bundle.ui-testing";
		};
/* End PBXNativeTarget section */

/* Begin PBXProject section */
		CBB9E03A27BE300E00136C7C /* Project object */ = {
			isa = PBXProject;
			attributes = {
				BuildIndependentTargetsInParallel = 1;
				LastSwiftUpdateCheck = 1310;
				LastUpgradeCheck = 1310;
				TargetAttributes = {
					CBB9E04127BE300E00136C7C = {
						CreatedOnToolsVersion = 13.1;
					};
					CBB9E05127BE300F00136C7C = {
						CreatedOnToolsVersion = 13.1;
						TestTargetID = CBB9E04127BE300E00136C7C;
					};
					CBB9E05B27BE300F00136C7C = {
						CreatedOnToolsVersion = 13.1;
						TestTargetID = CBB9E04127BE300E00136C7C;
					};
				};
			};
			buildConfigurationList = CBB9E03D27BE300E00136C7C /* Build configuration list for PBXProject "Expenses" */;
			compatibilityVersion = "Xcode 13.0";
			developmentRegion = en;
			hasScannedForEncodings = 0;
			knownRegions = (
				en,
				Base,
			);
			mainGroup = CBB9E03927BE300E00136C7C;
			packageReferences = (
				CB7293A427BF0CB100C0F592 /* XCRemoteSwiftPackageReference "firebase-ios-sdk" */,
			);
			productRefGroup = CBB9E04327BE300E00136C7C /* Products */;
			projectDirPath = "";
			projectRoot = "";
			targets = (
				CBB9E04127BE300E00136C7C /* Expenses */,
				CBB9E05127BE300F00136C7C /* ExpensesTests */,
				CBB9E05B27BE300F00136C7C /* ExpensesUITests */,
			);
		};
/* End PBXProject section */

/* Begin PBXResourcesBuildPhase section */
		CBB9E04027BE300E00136C7C /* Resources */ = {
			isa = PBXResourcesBuildPhase;
			buildActionMask = 2147483647;
			files = (
				CBB9E04D27BE300F00136C7C /* Preview Assets.xcassets in Resources */,
				CB7293A327BF08D000C0F592 /* GoogleService-Info.plist in Resources */,
				CBB9E07A27BEEA9E00136C7C /* Localizable.strings in Resources */,
				CBB9E04A27BE300F00136C7C /* Assets.xcassets in Resources */,
			);
			runOnlyForDeploymentPostprocessing = 0;
		};
		CBB9E05027BE300F00136C7C /* Resources */ = {
			isa = PBXResourcesBuildPhase;
			buildActionMask = 2147483647;
			files = (
			);
			runOnlyForDeploymentPostprocessing = 0;
		};
		CBB9E05A27BE300F00136C7C /* Resources */ = {
			isa = PBXResourcesBuildPhase;
			buildActionMask = 2147483647;
			files = (
			);
			runOnlyForDeploymentPostprocessing = 0;
		};
/* End PBXResourcesBuildPhase section */

/* Begin PBXShellScriptBuildPhase section */
		CB48A84A27BEF12D005D2385 /* Swiftlint */ = {
			isa = PBXShellScriptBuildPhase;
			buildActionMask = 2147483647;
			files = (
			);
			inputFileListPaths = (
			);
			inputPaths = (
			);
			name = Swiftlint;
			outputFileListPaths = (
			);
			outputPaths = (
			);
			runOnlyForDeploymentPostprocessing = 0;
			shellPath = /bin/sh;
			shellScript = "# Type a script or drag a script file from your workspace to insert its path.\nif [[ -f \"${PROJECT_DIR}/scripts/swiftlint\" ]]; then\n  \"${PROJECT_DIR}/scripts/swiftlint\" --fix\nelse\n  echo \"warning: Swiftlint is not in the path. Make sure to copy the bin into the correct folder.\"\nfi \n";
		};
		CBB9E07827BEE85B00136C7C /* Swiftgen */ = {
			isa = PBXShellScriptBuildPhase;
			buildActionMask = 2147483647;
			files = (
			);
			inputFileListPaths = (
			);
			inputPaths = (
			);
			name = Swiftgen;
			outputFileListPaths = (
			);
			outputPaths = (
			);
			runOnlyForDeploymentPostprocessing = 0;
			shellPath = /bin/sh;
			shellScript = "# Type a script or drag a script file from your workspace to insert its path.\nif [[ -f \"${PROJECT_DIR}/scripts/swiftgen\" ]]; then\n  \"${PROJECT_DIR}/scripts/swiftgen\"\nelse\n  echo \"warning: SwiftGen is not in the path. Make sure to copy the bin into the correct folder.\"\nfi \n";
		};
/* End PBXShellScriptBuildPhase section */

/* Begin PBXSourcesBuildPhase section */
		CBB9E03E27BE300E00136C7C /* Sources */ = {
			isa = PBXSourcesBuildPhase;
			buildActionMask = 2147483647;
			files = (
				CB7293B127BF0F2000C0F592 /* Expense.swift in Sources */,
				CB7293B327BF0FF200C0F592 /* Card.swift in Sources */,
				CB72939A27BEF83300C0F592 /* AuthView.swift in Sources */,
				CB48A84927BEEE78005D2385 /* Strings+Generated.swift in Sources */,
				CBB9E07127BE31CF00136C7C /* LandingView.swift in Sources */,
				CB7293AD27BF0E0D00C0F592 /* Bank.swift in Sources */,
				CBB9E04627BE300E00136C7C /* ExpensesApp.swift in Sources */,
				CB48A84827BEEE78005D2385 /* XCAssets+Generated.swift in Sources */,
				CBA2787527D6C18600998FE0 /* Client.swift in Sources */,
				CBF5E62127C46B6D0089880E /* AuthViewModel.swift in Sources */,
			);
			runOnlyForDeploymentPostprocessing = 0;
		};
		CBB9E04E27BE300F00136C7C /* Sources */ = {
			isa = PBXSourcesBuildPhase;
			buildActionMask = 2147483647;
			files = (
				CBB9E05727BE300F00136C7C /* ExpensesTests.swift in Sources */,
			);
			runOnlyForDeploymentPostprocessing = 0;
		};
		CBB9E05827BE300F00136C7C /* Sources */ = {
			isa = PBXSourcesBuildPhase;
			buildActionMask = 2147483647;
			files = (
				CBB9E06327BE300F00136C7C /* ExpensesUITestsLaunchTests.swift in Sources */,
				CBB9E06127BE300F00136C7C /* ExpensesUITests.swift in Sources */,
			);
			runOnlyForDeploymentPostprocessing = 0;
		};
/* End PBXSourcesBuildPhase section */

/* Begin PBXTargetDependency section */
		CBB9E05427BE300F00136C7C /* PBXTargetDependency */ = {
			isa = PBXTargetDependency;
			target = CBB9E04127BE300E00136C7C /* Expenses */;
			targetProxy = CBB9E05327BE300F00136C7C /* PBXContainerItemProxy */;
		};
		CBB9E05E27BE300F00136C7C /* PBXTargetDependency */ = {
			isa = PBXTargetDependency;
			target = CBB9E04127BE300E00136C7C /* Expenses */;
			targetProxy = CBB9E05D27BE300F00136C7C /* PBXContainerItemProxy */;
		};
/* End PBXTargetDependency section */

/* Begin XCBuildConfiguration section */
		CBB9E06427BE300F00136C7C /* Debug */ = {
			isa = XCBuildConfiguration;
			buildSettings = {
				ALWAYS_SEARCH_USER_PATHS = NO;
				CLANG_ANALYZER_NONNULL = YES;
				CLANG_ANALYZER_NUMBER_OBJECT_CONVERSION = YES_AGGRESSIVE;
				CLANG_CXX_LANGUAGE_STANDARD = "gnu++17";
				CLANG_CXX_LIBRARY = "libc++";
				CLANG_ENABLE_MODULES = YES;
				CLANG_ENABLE_OBJC_ARC = YES;
				CLANG_ENABLE_OBJC_WEAK = YES;
				CLANG_WARN_BLOCK_CAPTURE_AUTORELEASING = YES;
				CLANG_WARN_BOOL_CONVERSION = YES;
				CLANG_WARN_COMMA = YES;
				CLANG_WARN_CONSTANT_CONVERSION = YES;
				CLANG_WARN_DEPRECATED_OBJC_IMPLEMENTATIONS = YES;
				CLANG_WARN_DIRECT_OBJC_ISA_USAGE = YES_ERROR;
				CLANG_WARN_DOCUMENTATION_COMMENTS = YES;
				CLANG_WARN_EMPTY_BODY = YES;
				CLANG_WARN_ENUM_CONVERSION = YES;
				CLANG_WARN_INFINITE_RECURSION = YES;
				CLANG_WARN_INT_CONVERSION = YES;
				CLANG_WARN_NON_LITERAL_NULL_CONVERSION = YES;
				CLANG_WARN_OBJC_IMPLICIT_RETAIN_SELF = YES;
				CLANG_WARN_OBJC_LITERAL_CONVERSION = YES;
				CLANG_WARN_OBJC_ROOT_CLASS = YES_ERROR;
				CLANG_WARN_QUOTED_INCLUDE_IN_FRAMEWORK_HEADER = YES;
				CLANG_WARN_RANGE_LOOP_ANALYSIS = YES;
				CLANG_WARN_STRICT_PROTOTYPES = YES;
				CLANG_WARN_SUSPICIOUS_MOVE = YES;
				CLANG_WARN_UNGUARDED_AVAILABILITY = YES_AGGRESSIVE;
				CLANG_WARN_UNREACHABLE_CODE = YES;
				CLANG_WARN__DUPLICATE_METHOD_MATCH = YES;
				COPY_PHASE_STRIP = NO;
				DEBUG_INFORMATION_FORMAT = dwarf;
				ENABLE_STRICT_OBJC_MSGSEND = YES;
				ENABLE_TESTABILITY = YES;
				GCC_C_LANGUAGE_STANDARD = gnu11;
				GCC_DYNAMIC_NO_PIC = NO;
				GCC_NO_COMMON_BLOCKS = YES;
				GCC_OPTIMIZATION_LEVEL = 0;
				GCC_PREPROCESSOR_DEFINITIONS = (
					"DEBUG=1",
					"$(inherited)",
				);
				GCC_WARN_64_TO_32_BIT_CONVERSION = YES;
				GCC_WARN_ABOUT_RETURN_TYPE = YES_ERROR;
				GCC_WARN_UNDECLARED_SELECTOR = YES;
				GCC_WARN_UNINITIALIZED_AUTOS = YES_AGGRESSIVE;
				GCC_WARN_UNUSED_FUNCTION = YES;
				GCC_WARN_UNUSED_VARIABLE = YES;
				IPHONEOS_DEPLOYMENT_TARGET = 15.0;
				MTL_ENABLE_DEBUG_INFO = INCLUDE_SOURCE;
				MTL_FAST_MATH = YES;
				ONLY_ACTIVE_ARCH = YES;
				SDKROOT = iphoneos;
				SWIFT_ACTIVE_COMPILATION_CONDITIONS = DEBUG;
				SWIFT_OPTIMIZATION_LEVEL = "-Onone";
			};
			name = Debug;
		};
		CBB9E06527BE300F00136C7C /* Release */ = {
			isa = XCBuildConfiguration;
			buildSettings = {
				ALWAYS_SEARCH_USER_PATHS = NO;
				CLANG_ANALYZER_NONNULL = YES;
				CLANG_ANALYZER_NUMBER_OBJECT_CONVERSION = YES_AGGRESSIVE;
				CLANG_CXX_LANGUAGE_STANDARD = "gnu++17";
				CLANG_CXX_LIBRARY = "libc++";
				CLANG_ENABLE_MODULES = YES;
				CLANG_ENABLE_OBJC_ARC = YES;
				CLANG_ENABLE_OBJC_WEAK = YES;
				CLANG_WARN_BLOCK_CAPTURE_AUTORELEASING = YES;
				CLANG_WARN_BOOL_CONVERSION = YES;
				CLANG_WARN_COMMA = YES;
				CLANG_WARN_CONSTANT_CONVERSION = YES;
				CLANG_WARN_DEPRECATED_OBJC_IMPLEMENTATIONS = YES;
				CLANG_WARN_DIRECT_OBJC_ISA_USAGE = YES_ERROR;
				CLANG_WARN_DOCUMENTATION_COMMENTS = YES;
				CLANG_WARN_EMPTY_BODY = YES;
				CLANG_WARN_ENUM_CONVERSION = YES;
				CLANG_WARN_INFINITE_RECURSION = YES;
				CLANG_WARN_INT_CONVERSION = YES;
				CLANG_WARN_NON_LITERAL_NULL_CONVERSION = YES;
				CLANG_WARN_OBJC_IMPLICIT_RETAIN_SELF = YES;
				CLANG_WARN_OBJC_LITERAL_CONVERSION = YES;
				CLANG_WARN_OBJC_ROOT_CLASS = YES_ERROR;
				CLANG_WARN_QUOTED_INCLUDE_IN_FRAMEWORK_HEADER = YES;
				CLANG_WARN_RANGE_LOOP_ANALYSIS = YES;
				CLANG_WARN_STRICT_PROTOTYPES = YES;
				CLANG_WARN_SUSPICIOUS_MOVE = YES;
				CLANG_WARN_UNGUARDED_AVAILABILITY = YES_AGGRESSIVE;
				CLANG_WARN_UNREACHABLE_CODE = YES;
				CLANG_WARN__DUPLICATE_METHOD_MATCH = YES;
				COPY_PHASE_STRIP = NO;
				DEBUG_INFORMATION_FORMAT = "dwarf-with-dsym";
				ENABLE_NS_ASSERTIONS = NO;
				ENABLE_STRICT_OBJC_MSGSEND = YES;
				GCC_C_LANGUAGE_STANDARD = gnu11;
				GCC_NO_COMMON_BLOCKS = YES;
				GCC_WARN_64_TO_32_BIT_CONVERSION = YES;
				GCC_WARN_ABOUT_RETURN_TYPE = YES_ERROR;
				GCC_WARN_UNDECLARED_SELECTOR = YES;
				GCC_WARN_UNINITIALIZED_AUTOS = YES_AGGRESSIVE;
				GCC_WARN_UNUSED_FUNCTION = YES;
				GCC_WARN_UNUSED_VARIABLE = YES;
				IPHONEOS_DEPLOYMENT_TARGET = 15.0;
				MTL_ENABLE_DEBUG_INFO = NO;
				MTL_FAST_MATH = YES;
				SDKROOT = iphoneos;
				SWIFT_COMPILATION_MODE = wholemodule;
				SWIFT_OPTIMIZATION_LEVEL = "-O";
				VALIDATE_PRODUCT = YES;
			};
			name = Release;
		};
		CBB9E06727BE300F00136C7C /* Debug */ = {
			isa = XCBuildConfiguration;
			buildSettings = {
				ASSETCATALOG_COMPILER_APPICON_NAME = AppIcon;
				ASSETCATALOG_COMPILER_GLOBAL_ACCENT_COLOR_NAME = AccentColor;
				CODE_SIGN_STYLE = Automatic;
				CURRENT_PROJECT_VERSION = 1;
				DEVELOPMENT_ASSET_PATHS = "\"Expenses/Preview Content\"";
				DEVELOPMENT_TEAM = U84CV9QTZ3;
				ENABLE_PREVIEWS = YES;
				GENERATE_INFOPLIST_FILE = YES;
				INFOPLIST_KEY_UIApplicationSceneManifest_Generation = YES;
				INFOPLIST_KEY_UIApplicationSupportsIndirectInputEvents = YES;
				INFOPLIST_KEY_UILaunchScreen_Generation = YES;
				INFOPLIST_KEY_UISupportedInterfaceOrientations = UIInterfaceOrientationPortrait;
				INFOPLIST_KEY_UISupportedInterfaceOrientations_iPad = "UIInterfaceOrientationPortrait UIInterfaceOrientationPortraitUpsideDown UIInterfaceOrientationLandscapeLeft UIInterfaceOrientationLandscapeRight";
				INFOPLIST_KEY_UISupportedInterfaceOrientations_iPhone = "UIInterfaceOrientationPortrait UIInterfaceOrientationLandscapeLeft UIInterfaceOrientationLandscapeRight";
				IPHONEOS_DEPLOYMENT_TARGET = 14.0;
				LD_RUNPATH_SEARCH_PATHS = (
					"$(inherited)",
					"@executable_path/Frameworks",
				);
				MARKETING_VERSION = 1.0;
				PRODUCT_BUNDLE_IDENTIFIER = com.pankecho.Expenses;
				PRODUCT_NAME = "$(TARGET_NAME)";
				SWIFT_EMIT_LOC_STRINGS = YES;
				SWIFT_VERSION = 5.0;
				TARGETED_DEVICE_FAMILY = 1;
			};
			name = Debug;
		};
		CBB9E06827BE300F00136C7C /* Release */ = {
			isa = XCBuildConfiguration;
			buildSettings = {
				ASSETCATALOG_COMPILER_APPICON_NAME = AppIcon;
				ASSETCATALOG_COMPILER_GLOBAL_ACCENT_COLOR_NAME = AccentColor;
				CODE_SIGN_STYLE = Automatic;
				CURRENT_PROJECT_VERSION = 1;
				DEVELOPMENT_ASSET_PATHS = "\"Expenses/Preview Content\"";
				DEVELOPMENT_TEAM = U84CV9QTZ3;
				ENABLE_PREVIEWS = YES;
				GENERATE_INFOPLIST_FILE = YES;
				INFOPLIST_KEY_UIApplicationSceneManifest_Generation = YES;
				INFOPLIST_KEY_UIApplicationSupportsIndirectInputEvents = YES;
				INFOPLIST_KEY_UILaunchScreen_Generation = YES;
				INFOPLIST_KEY_UISupportedInterfaceOrientations = UIInterfaceOrientationPortrait;
				INFOPLIST_KEY_UISupportedInterfaceOrientations_iPad = "UIInterfaceOrientationPortrait UIInterfaceOrientationPortraitUpsideDown UIInterfaceOrientationLandscapeLeft UIInterfaceOrientationLandscapeRight";
				INFOPLIST_KEY_UISupportedInterfaceOrientations_iPhone = "UIInterfaceOrientationPortrait UIInterfaceOrientationLandscapeLeft UIInterfaceOrientationLandscapeRight";
				IPHONEOS_DEPLOYMENT_TARGET = 14.0;
				LD_RUNPATH_SEARCH_PATHS = (
					"$(inherited)",
					"@executable_path/Frameworks",
				);
				MARKETING_VERSION = 1.0;
				PRODUCT_BUNDLE_IDENTIFIER = com.pankecho.Expenses;
				PRODUCT_NAME = "$(TARGET_NAME)";
				SWIFT_EMIT_LOC_STRINGS = YES;
				SWIFT_VERSION = 5.0;
				TARGETED_DEVICE_FAMILY = 1;
			};
			name = Release;
		};
		CBB9E06A27BE300F00136C7C /* Debug */ = {
			isa = XCBuildConfiguration;
			buildSettings = {
				ALWAYS_EMBED_SWIFT_STANDARD_LIBRARIES = YES;
				BUNDLE_LOADER = "$(TEST_HOST)";
				CODE_SIGN_STYLE = Automatic;
				CURRENT_PROJECT_VERSION = 1;
				DEVELOPMENT_TEAM = U84CV9QTZ3;
				GENERATE_INFOPLIST_FILE = YES;
				IPHONEOS_DEPLOYMENT_TARGET = 15.0;
				LD_RUNPATH_SEARCH_PATHS = (
					"$(inherited)",
					"@executable_path/Frameworks",
					"@loader_path/Frameworks",
				);
				MARKETING_VERSION = 1.0;
				PRODUCT_BUNDLE_IDENTIFIER = com.pankecho.ExpensesTests;
				PRODUCT_NAME = "$(TARGET_NAME)";
				SWIFT_EMIT_LOC_STRINGS = NO;
				SWIFT_VERSION = 5.0;
				TARGETED_DEVICE_FAMILY = "1,2";
				TEST_HOST = "$(BUILT_PRODUCTS_DIR)/Expenses.app/Expenses";
			};
			name = Debug;
		};
		CBB9E06B27BE300F00136C7C /* Release */ = {
			isa = XCBuildConfiguration;
			buildSettings = {
				ALWAYS_EMBED_SWIFT_STANDARD_LIBRARIES = YES;
				BUNDLE_LOADER = "$(TEST_HOST)";
				CODE_SIGN_STYLE = Automatic;
				CURRENT_PROJECT_VERSION = 1;
				DEVELOPMENT_TEAM = U84CV9QTZ3;
				GENERATE_INFOPLIST_FILE = YES;
				IPHONEOS_DEPLOYMENT_TARGET = 15.0;
				LD_RUNPATH_SEARCH_PATHS = (
					"$(inherited)",
					"@executable_path/Frameworks",
					"@loader_path/Frameworks",
				);
				MARKETING_VERSION = 1.0;
				PRODUCT_BUNDLE_IDENTIFIER = com.pankecho.ExpensesTests;
				PRODUCT_NAME = "$(TARGET_NAME)";
				SWIFT_EMIT_LOC_STRINGS = NO;
				SWIFT_VERSION = 5.0;
				TARGETED_DEVICE_FAMILY = "1,2";
				TEST_HOST = "$(BUILT_PRODUCTS_DIR)/Expenses.app/Expenses";
			};
			name = Release;
		};
		CBB9E06D27BE300F00136C7C /* Debug */ = {
			isa = XCBuildConfiguration;
			buildSettings = {
				ALWAYS_EMBED_SWIFT_STANDARD_LIBRARIES = YES;
				CODE_SIGN_STYLE = Automatic;
				CURRENT_PROJECT_VERSION = 1;
				DEVELOPMENT_TEAM = U84CV9QTZ3;
				GENERATE_INFOPLIST_FILE = YES;
				LD_RUNPATH_SEARCH_PATHS = (
					"$(inherited)",
					"@executable_path/Frameworks",
					"@loader_path/Frameworks",
				);
				MARKETING_VERSION = 1.0;
				PRODUCT_BUNDLE_IDENTIFIER = com.pankecho.ExpensesUITests;
				PRODUCT_NAME = "$(TARGET_NAME)";
				SWIFT_EMIT_LOC_STRINGS = NO;
				SWIFT_VERSION = 5.0;
				TARGETED_DEVICE_FAMILY = "1,2";
				TEST_TARGET_NAME = Expenses;
			};
			name = Debug;
		};
		CBB9E06E27BE300F00136C7C /* Release */ = {
			isa = XCBuildConfiguration;
			buildSettings = {
				ALWAYS_EMBED_SWIFT_STANDARD_LIBRARIES = YES;
				CODE_SIGN_STYLE = Automatic;
				CURRENT_PROJECT_VERSION = 1;
				DEVELOPMENT_TEAM = U84CV9QTZ3;
				GENERATE_INFOPLIST_FILE = YES;
				LD_RUNPATH_SEARCH_PATHS = (
					"$(inherited)",
					"@executable_path/Frameworks",
					"@loader_path/Frameworks",
				);
				MARKETING_VERSION = 1.0;
				PRODUCT_BUNDLE_IDENTIFIER = com.pankecho.ExpensesUITests;
				PRODUCT_NAME = "$(TARGET_NAME)";
				SWIFT_EMIT_LOC_STRINGS = NO;
				SWIFT_VERSION = 5.0;
				TARGETED_DEVICE_FAMILY = "1,2";
				TEST_TARGET_NAME = Expenses;
			};
			name = Release;
		};
/* End XCBuildConfiguration section */

/* Begin XCConfigurationList section */
		CBB9E03D27BE300E00136C7C /* Build configuration list for PBXProject "Expenses" */ = {
			isa = XCConfigurationList;
			buildConfigurations = (
				CBB9E06427BE300F00136C7C /* Debug */,
				CBB9E06527BE300F00136C7C /* Release */,
			);
			defaultConfigurationIsVisible = 0;
			defaultConfigurationName = Release;
		};
		CBB9E06627BE300F00136C7C /* Build configuration list for PBXNativeTarget "Expenses" */ = {
			isa = XCConfigurationList;
			buildConfigurations = (
				CBB9E06727BE300F00136C7C /* Debug */,
				CBB9E06827BE300F00136C7C /* Release */,
			);
			defaultConfigurationIsVisible = 0;
			defaultConfigurationName = Release;
		};
		CBB9E06927BE300F00136C7C /* Build configuration list for PBXNativeTarget "ExpensesTests" */ = {
			isa = XCConfigurationList;
			buildConfigurations = (
				CBB9E06A27BE300F00136C7C /* Debug */,
				CBB9E06B27BE300F00136C7C /* Release */,
			);
			defaultConfigurationIsVisible = 0;
			defaultConfigurationName = Release;
		};
		CBB9E06C27BE300F00136C7C /* Build configuration list for PBXNativeTarget "ExpensesUITests" */ = {
			isa = XCConfigurationList;
			buildConfigurations = (
				CBB9E06D27BE300F00136C7C /* Debug */,
				CBB9E06E27BE300F00136C7C /* Release */,
			);
			defaultConfigurationIsVisible = 0;
			defaultConfigurationName = Release;
		};
/* End XCConfigurationList section */

/* Begin XCRemoteSwiftPackageReference section */
		CB7293A427BF0CB100C0F592 /* XCRemoteSwiftPackageReference "firebase-ios-sdk" */ = {
			isa = XCRemoteSwiftPackageReference;
			repositoryURL = "https://github.com/firebase/firebase-ios-sdk.git";
			requirement = {
				kind = upToNextMajorVersion;
				minimumVersion = 8.0.0;
			};
		};
/* End XCRemoteSwiftPackageReference section */

/* Begin XCSwiftPackageProductDependency section */
		CB7293A527BF0CB100C0F592 /* FirebaseAnalytics */ = {
			isa = XCSwiftPackageProductDependency;
			package = CB7293A427BF0CB100C0F592 /* XCRemoteSwiftPackageReference "firebase-ios-sdk" */;
			productName = FirebaseAnalytics;
		};
		CB7293A727BF0CB100C0F592 /* FirebaseAuth */ = {
			isa = XCSwiftPackageProductDependency;
			package = CB7293A427BF0CB100C0F592 /* XCRemoteSwiftPackageReference "firebase-ios-sdk" */;
			productName = FirebaseAuth;
		};
		CB7293A927BF0CB100C0F592 /* FirebaseFirestore */ = {
			isa = XCSwiftPackageProductDependency;
			package = CB7293A427BF0CB100C0F592 /* XCRemoteSwiftPackageReference "firebase-ios-sdk" */;
			productName = FirebaseFirestore;
		};
/* End XCSwiftPackageProductDependency section */
	};
	rootObject = CBB9E03A27BE300E00136C7C /* Project object */;
}
